<?xml version="1.0" encoding="UTF-8" standalone="yes" ?>
<CodeBlocks_project_file>
	<FileVersion major="1" minor="6" />
	<Project>
		<Option title="TurretGame" />
		<Option pch_mode="2" />
		<Option compiler="gcc" />
		<Build>
			<Target title="Debug">
				<Option output="bin/Debug/TurretGame" prefix_auto="1" extension_auto="1" />
				<Option object_output="obj/Debug/" />
				<Option type="1" />
				<Option compiler="gcc" />
				<Compiler>
					<Add option="-g" />
					<Add directory="include" />
				</Compiler>
			</Target>
			<Target title="Release">
				<Option output="bin/Release/TurretGame" prefix_auto="1" extension_auto="1" />
				<Option object_output="obj/Release/" />
				<Option type="1" />
				<Option compiler="gcc" />
				<Compiler>
					<Add option="-O2" />
					<Add directory="include" />
				</Compiler>
				<Linker>
					<Add option="-s" />
				</Linker>
			</Target>
		</Build>
		<Compiler>
			<Add option="-Wall" />
			<Add directory="C:/mingw_dev_lib/include/SDL2" />
		</Compiler>
		<Linker>
			<Add option="-lmingw32 -lSDL2main -lSDL2 -lSDL2_image -lSDL2_ttf -lSDL2_mixer" />
			<Add directory="C:/mingw_dev_lib/lib" />
		</Linker>
		<Unit filename="include/Bullet.h" />
		<Unit filename="include/Enemy.h" />
		<Unit filename="include/LTexture.h" />
		<Unit filename="include/Timer.h" />
		<Unit filename="include/Turret.h" />
		<Unit filename="include/scoreTable.h" />
		<Unit filename="main.cpp" />
		<Unit filename="src/Bullet.cpp" />
		<Unit filename="src/Enemy.cpp" />
		<Unit filename="src/LTexture.cpp" />
		<Unit filename="src/Timer.cpp" />
		<Unit filename="src/Turret.cpp" />
		<Unit filename="src/scoreTable.cpp" />
		<Extensions>
			<code_completion />
			<envvars />
			<debugger />
		</Extensions>
	</Project>
</CodeBlocks_project_file>
